github.com/iverly/go-mcping v1.0.1 h1:Gmza80C+CZw1XjDNWDdPg0lARlUqR5Q2/uGuEcReSZE=
github.com/iverly/go-mcping v1.0.1/go.mod h1:OTdb13yxI0zg1VKs7G53T43N2hAduaPeUcY+PbP608g=
github.com/jmoiron/jsonq v0.0.0-20150511023944-e874b168d07e h1:ZZCvgaRDZg1gC9/1xrsgaJzQUCQgniKtw0xjWywWAOE=
github.com/jmoiron/jsonq v0.0.0-20150511023944-e874b168d07e/go.mod h1:+rHyWac2R9oAZwFe1wGY2HBzFJJy++RHBg1cU23NkD8=
